uuid: 2f29b1a9-058d-4cfe-99fe-a01d4e672ef2
langcode: en
status: true
dependencies:
  config:
    - views.view.groups
  module:
    - ctools
    - node
    - views
  theme:
    - bntst
id: views_block__groups_other_groups_block
theme: bntst
region: sidebar_second
weight: 0
provider: null
plugin: 'views_block:groups-other_groups_block'
settings:
  id: 'views_block:groups-other_groups_block'
  label: ''
  provider: views
  label_display: visible
  views_label: ''
  items_per_page: none
visibility:
  'entity_bundle:node':
    id: 'entity_bundle:node'
    bundles:
      seminar_group: seminar_group
    negate: false
    context_mapping:
      node: '@node.node_route_context:node'
  node_type:
    id: node_type
    bundles:
      seminar_group: seminar_group
    negate: false
    context_mapping:
      node: '@node.node_route_context:node'
